// !$*UTF8*$!
{
	archiveVersion = 1;
	classes = {
	};
	objectVersion = 46;
	objects = {

/* Begin PBXBuildFile section */
		BF356BB81A27052100346FD0 /* main.m in Sources */ = {isa = PBXBuildFile; fileRef = BF356BB71A27052100346FD0 /* main.m */; };
		BF356BBB1A27052100346FD0 /* AppDelegate.m in Sources */ = {isa = PBXBuildFile; fileRef = BF356BBA1A27052100346FD0 /* AppDelegate.m */; };
		BF356BBE1A27052100346FD0 /* ViewController.m in Sources */ = {isa = PBXBuildFile; fileRef = BF356BBD1A27052100346FD0 /* ViewController.m */; };
		BF356BC11A27052100346FD0 /* Main.storyboard in Resources */ = {isa = PBXBuildFile; fileRef = BF356BBF1A27052100346FD0 /* Main.storyboard */; };
		BF356BC31A27052100346FD0 /* Images.xcassets in Resources */ = {isa = PBXBuildFile; fileRef = BF356BC21A27052100346FD0 /* Images.xcassets */; };
		BF356BC61A27052100346FD0 /* LaunchScreen.xib in Resources */ = {isa = PBXBuildFile; fileRef = BF356BC41A27052100346FD0 /* LaunchScreen.xib */; };
		BF356BEB1A27072800346FD0 /* Photo.jpg in Resources */ = {isa = PBXBuildFile; fileRef = BF356BEA1A27072800346FD0 /* Photo.jpg */; };
		BFCF445D1DCF31F1008A57DB /* ScreenLayout.framework in Frameworks */ = {isa = PBXBuildFile; fileRef = BFCF44581DCF31E4008A57DB /* ScreenLayout.framework */; };
		BFCF445E1DCF31F1008A57DB /* ScreenLayout.framework in Embed Frameworks */ = {isa = PBXBuildFile; fileRef = BFCF44581DCF31E4008A57DB /* ScreenLayout.framework */; settings = {ATTRIBUTES = (CodeSignOnCopy, RemoveHeadersOnCopy, ); }; };
/* End PBXBuildFile section */

/* Begin PBXContainerItemProxy section */
		BFCF44571DCF31E4008A57DB /* PBXContainerItemProxy */ = {
			isa = PBXContainerItemProxy;
			containerPortal = BF356BDB1A27055A00346FD0 /* ScreenLayout.xcodeproj */;
			proxyType = 2;
			remoteGlobalIDString = BF356A681A24726800346FD0;
			remoteInfo = ScreenLayout;
		};
		BFCF44591DCF31E4008A57DB /* PBXContainerItemProxy */ = {
			isa = PBXContainerItemProxy;
			containerPortal = BF356BDB1A27055A00346FD0 /* ScreenLayout.xcodeproj */;
			proxyType = 2;
			remoteGlobalIDString = BF356A731A24726800346FD0;
			remoteInfo = ScreenLayoutTests;
		};
		BFCF445B1DCF31EB008A57DB /* PBXContainerItemProxy */ = {
			isa = PBXContainerItemProxy;
			containerPortal = BF356BDB1A27055A00346FD0 /* ScreenLayout.xcodeproj */;
			proxyType = 1;
			remoteGlobalIDString = BF356A671A24726800346FD0;
			remoteInfo = ScreenLayout;
		};
		BFCF445F1DCF31F1008A57DB /* PBXContainerItemProxy */ = {
			isa = PBXContainerItemProxy;
			containerPortal = BF356BDB1A27055A00346FD0 /* ScreenLayout.xcodeproj */;
			proxyType = 1;
			remoteGlobalIDString = BF356A671A24726800346FD0;
			remoteInfo = ScreenLayout;
		};
/* End PBXContainerItemProxy section */

/* Begin PBXCopyFilesBuildPhase section */
		BF356BE81A27057D00346FD0 /* Embed Frameworks */ = {
			isa = PBXCopyFilesBuildPhase;
			buildActionMask = 2147483647;
			dstPath = "";
			dstSubfolderSpec = 10;
			files = (
				BFCF445E1DCF31F1008A57DB /* ScreenLayout.framework in Embed Frameworks */,
			);
			name = "Embed Frameworks";
			runOnlyForDeploymentPostprocessing = 0;
		};
/* End PBXCopyFilesBuildPhase section */

/* Begin PBXFileReference section */
		BF356BB21A27052100346FD0 /* PinchCanvas.app */ = {isa = PBXFileReference; explicitFileType = wrapper.application; includeInIndex = 0; path = PinchCanvas.app; sourceTree = BUILT_PRODUCTS_DIR; };
		BF356BB61A27052100346FD0 /* Info.plist */ = {isa = PBXFileReference; lastKnownFileType = text.plist.xml; path = Info.plist; sourceTree = "<group>"; };
		BF356BB71A27052100346FD0 /* main.m */ = {isa = PBXFileReference; lastKnownFileType = sourcecode.c.objc; path = main.m; sourceTree = "<group>"; };
		BF356BB91A27052100346FD0 /* AppDelegate.h */ = {isa = PBXFileReference; lastKnownFileType = sourcecode.c.h; path = AppDelegate.h; sourceTree = "<group>"; };
		BF356BBA1A27052100346FD0 /* AppDelegate.m */ = {isa = PBXFileReference; lastKnownFileType = sourcecode.c.objc; path = AppDelegate.m; sourceTree = "<group>"; };
		BF356BBC1A27052100346FD0 /* ViewController.h */ = {isa = PBXFileReference; lastKnownFileType = sourcecode.c.h; path = ViewController.h; sourceTree = "<group>"; };
		BF356BBD1A27052100346FD0 /* ViewController.m */ = {isa = PBXFileReference; lastKnownFileType = sourcecode.c.objc; path = ViewController.m; sourceTree = "<group>"; };
		BF356BC01A27052100346FD0 /* Base */ = {isa = PBXFileReference; lastKnownFileType = file.storyboard; name = Base; path = Base.lproj/Main.storyboard; sourceTree = "<group>"; };
		BF356BC21A27052100346FD0 /* Images.xcassets */ = {isa = PBXFileReference; lastKnownFileType = folder.assetcatalog; path = Images.xcassets; sourceTree = "<group>"; };
		BF356BC51A27052100346FD0 /* Base */ = {isa = PBXFileReference; lastKnownFileType = file.xib; name = Base; path = Base.lproj/LaunchScreen.xib; sourceTree = "<group>"; };
		BF356BDB1A27055A00346FD0 /* ScreenLayout.xcodeproj */ = {isa = PBXFileReference; lastKnownFileType = "wrapper.pb-project"; name = ScreenLayout.xcodeproj; path = ../../ScreenLayout.xcodeproj; sourceTree = "<group>"; };
		BF356BEA1A27072800346FD0 /* Photo.jpg */ = {isa = PBXFileReference; lastKnownFileType = image.jpeg; path = Photo.jpg; sourceTree = "<group>"; };
/* End PBXFileReference section */

/* Begin PBXFrameworksBuildPhase section */
		BF356BAF1A27052100346FD0 /* Frameworks */ = {
			isa = PBXFrameworksBuildPhase;
			buildActionMask = 2147483647;
			files = (
				BFCF445D1DCF31F1008A57DB /* ScreenLayout.framework in Frameworks */,
			);
			runOnlyForDeploymentPostprocessing = 0;
		};
/* End PBXFrameworksBuildPhase section */

/* Begin PBXGroup section */
		BF356BA91A27052100346FD0 = {
			isa = PBXGroup;
			children = (
				BF356BB41A27052100346FD0 /* PinchCanvas */,
				BF356BB31A27052100346FD0 /* Products */,
				BF9B715B1DE47039003611C3 /* Frameworks */,
			);
			sourceTree = "<group>";
		};
		BF356BB31A27052100346FD0 /* Products */ = {
			isa = PBXGroup;
			children = (
				BF356BB21A27052100346FD0 /* PinchCanvas.app */,
			);
			name = Products;
			sourceTree = "<group>";
		};
		BF356BB41A27052100346FD0 /* PinchCanvas */ = {
			isa = PBXGroup;
			children = (
				BF356BB91A27052100346FD0 /* AppDelegate.h */,
				BF356BBA1A27052100346FD0 /* AppDelegate.m */,
				BF356BBC1A27052100346FD0 /* ViewController.h */,
				BF356BBD1A27052100346FD0 /* ViewController.m */,
				BF356BEA1A27072800346FD0 /* Photo.jpg */,
				BF356BBF1A27052100346FD0 /* Main.storyboard */,
				BF356BC41A27052100346FD0 /* LaunchScreen.xib */,
				BF356BC21A27052100346FD0 /* Images.xcassets */,
				BF356BB51A27052100346FD0 /* Supporting Files */,
			);
			path = PinchCanvas;
			sourceTree = "<group>";
		};
		BF356BB51A27052100346FD0 /* Supporting Files */ = {
			isa = PBXGroup;
			children = (
				BF356BB61A27052100346FD0 /* Info.plist */,
				BF356BB71A27052100346FD0 /* main.m */,
			);
			name = "Supporting Files";
			sourceTree = "<group>";
		};
		BF9B715B1DE47039003611C3 /* Frameworks */ = {
			isa = PBXGroup;
			children = (
				BF356BDB1A27055A00346FD0 /* ScreenLayout.xcodeproj */,
			);
			name = Frameworks;
			sourceTree = "<group>";
		};
		BFCF44531DCF31E4008A57DB /* Products */ = {
			isa = PBXGroup;
			children = (
				BFCF44581DCF31E4008A57DB /* ScreenLayout.framework */,
				BFCF445A1DCF31E4008A57DB /* ScreenLayoutTests.xctest */,
			);
			name = Products;
			sourceTree = "<group>";
		};
/* End PBXGroup section */

/* Begin PBXNativeTarget section */
		BF356BB11A27052100346FD0 /* PinchCanvas */ = {
			isa = PBXNativeTarget;
			buildConfigurationList = BF356BD51A27052100346FD0 /* Build configuration list for PBXNativeTarget "PinchCanvas" */;
			buildPhases = (
				BF356BAE1A27052100346FD0 /* Sources */,
				BF356BAF1A27052100346FD0 /* Frameworks */,
				BF356BB01A27052100346FD0 /* Resources */,
				BF356BE81A27057D00346FD0 /* Embed Frameworks */,
			);
			buildRules = (
			);
			dependencies = (
				BFCF445C1DCF31EB008A57DB /* PBXTargetDependency */,
				BFCF44601DCF31F1008A57DB /* PBXTargetDependency */,
			);
			name = PinchCanvas;
			productName = PinchCanvas;
			productReference = BF356BB21A27052100346FD0 /* PinchCanvas.app */;
			productType = "com.apple.product-type.application";
		};
/* End PBXNativeTarget section */

/* Begin PBXProject section */
		BF356BAA1A27052100346FD0 /* Project object */ = {
			isa = PBXProject;
			attributes = {
				LastUpgradeCheck = 0810;
				ORGANIZATIONNAME = "Jun Tanaka";
				TargetAttributes = {
					BF356BB11A27052100346FD0 = {
						CreatedOnToolsVersion = 6.1;
					};
				};
			};
			buildConfigurationList = BF356BAD1A27052100346FD0 /* Build configuration list for PBXProject "PinchCanvas" */;
			compatibilityVersion = "Xcode 3.2";
			developmentRegion = English;
			hasScannedForEncodings = 0;
			knownRegions = (
				en,
				Base,
			);
			mainGroup = BF356BA91A27052100346FD0;
			productRefGroup = BF356BB31A27052100346FD0 /* Products */;
			projectDirPath = "";
			projectReferences = (
				{
					ProductGroup = BFCF44531DCF31E4008A57DB /* Products */;
					ProjectRef = BF356BDB1A27055A00346FD0 /* ScreenLayout.xcodeproj */;
				},
			);
			projectRoot = "";
			targets = (
				BF356BB11A27052100346FD0 /* PinchCanvas */,
			);
		};
/* End PBXProject section */

/* Begin PBXReferenceProxy section */
		BFCF44581DCF31E4008A57DB /* ScreenLayout.framework */ = {
			isa = PBXReferenceProxy;
			fileType = wrapper.framework;
			path = ScreenLayout.framework;
			remoteRef = BFCF44571DCF31E4008A57DB /* PBXContainerItemProxy */;
			sourceTree = BUILT_PRODUCTS_DIR;
		};
		BFCF445A1DCF31E4008A57DB /* ScreenLayoutTests.xctest */ = {
			isa = PBXReferenceProxy;
			fileType = wrapper.cfbundle;
			path = ScreenLayoutTests.xctest;
			remoteRef = BFCF44591DCF31E4008A57DB /* PBXContainerItemProxy */;
			sourceTree = BUILT_PRODUCTS_DIR;
		};
/* End PBXReferenceProxy section */

/* Begin PBXResourcesBuildPhase section */
		BF356BB01A27052100346FD0 /* Resources */ = {
			isa = PBXResourcesBuildPhase;
			buildActionMask = 2147483647;
			files = (
				BF356BC11A27052100346FD0 /* Main.storyboard in Resources */,
				BF356BC61A27052100346FD0 /* LaunchScreen.xib in Resources */,
				BF356BEB1A27072800346FD0 /* Photo.jpg in Resources */,
				BF356BC31A27052100346FD0 /* Images.xcassets in Resources */,
			);
			runOnlyForDeploymentPostprocessing = 0;
		};
/* End PBXResourcesBuildPhase section */

/* Begin PBXSourcesBuildPhase section */
		BF356BAE1A27052100346FD0 /* Sources */ = {
			isa = PBXSourcesBuildPhase;
			buildActionMask = 2147483647;
			files = (
				BF356BBE1A27052100346FD0 /* ViewController.m in Sources */,
				BF356BBB1A27052100346FD0 /* AppDelegate.m in Sources */,
				BF356BB81A27052100346FD0 /* main.m in Sources */,
			);
			runOnlyForDeploymentPostprocessing = 0;
		};
/* End PBXSourcesBuildPhase section */

/* Begin PBXTargetDependency section */
		BFCF445C1DCF31EB008A57DB /* PBXTargetDependency */ = {
			isa = PBXTargetDependency;
			name = ScreenLayout;
			targetProxy = BFCF445B1DCF31EB008A57DB /* PBXContainerItemProxy */;
		};
		BFCF44601DCF31F1008A57DB /* PBXTargetDependency */ = {
			isa = PBXTargetDependency;
			name = ScreenLayout;
			targetProxy = BFCF445F1DCF31F1008A57DB /* PBXContainerItemProxy */;
		};
/* End PBXTargetDependency section */

/* Begin PBXVariantGroup section */
		BF356BBF1A27052100346FD0 /* Main.storyboard */ = {
			isa = PBXVariantGroup;
			children = (
				BF356BC01A27052100346FD0 /* Base */,
			);
			name = Main.storyboard;
			sourceTree = "<group>";
		};
		BF356BC41A27052100346FD0 /* LaunchScreen.xib */ = {
			isa = PBXVariantGroup;
			children = (
				BF356BC51A27052100346FD0 /* Base */,
			);
			name = LaunchScreen.xib;
			sourceTree = "<group>";
		};
/* End PBXVariantGroup section */

/* Begin XCBuildConfiguration section */
		BF356BD31A27052100346FD0 /* Debug */ = {
			isa = XCBuildConfiguration;
			buildSettings = {
				ALWAYS_SEARCH_USER_PATHS = NO;
				CLANG_CXX_LANGUAGE_STANDARD = "gnu++0x";
				CLANG_CXX_LIBRARY = "libc++";
				CLANG_ENABLE_MODULES = YES;
				CLANG_ENABLE_OBJC_ARC = YES;
				CLANG_WARN_BOOL_CONVERSION = YES;
				CLANG_WARN_CONSTANT_CONVERSION = YES;
				CLANG_WARN_DIRECT_OBJC_ISA_USAGE = YES_ERROR;
				CLANG_WARN_EMPTY_BODY = YES;
				CLANG_WARN_ENUM_CONVERSION = YES;
				CLANG_WARN_INFINITE_RECURSION = YES;
				CLANG_WARN_INT_CONVERSION = YES;
				CLANG_WARN_OBJC_ROOT_CLASS = YES_ERROR;
				CLANG_WARN_SUSPICIOUS_MOVE = YES;
				CLANG_WARN_UNREACHABLE_CODE = YES;
				CLANG_WARN__DUPLICATE_METHOD_MATCH = YES;
				"CODE_SIGN_IDENTITY[sdk=iphoneos*]" = "iPhone Developer";
				COPY_PHASE_STRIP = NO;
				ENABLE_STRICT_OBJC_MSGSEND = YES;
				ENABLE_TESTABILITY = YES;
				GCC_C_LANGUAGE_STANDARD = gnu99;
				GCC_DYNAMIC_NO_PIC = NO;
				GCC_NO_COMMON_BLOCKS = YES;
				GCC_OPTIMIZATION_LEVEL = 0;
				GCC_PREPROCESSOR_DEFINITIONS = (
					"DEBUG=1",
					"$(inherited)",
				);
				GCC_SYMBOLS_PRIVATE_EXTERN = NO;
				GCC_WARN_64_TO_32_BIT_CONVERSION = YES;
				GCC_WARN_ABOUT_RETURN_TYPE = YES_ERROR;
				GCC_WARN_UNDECLARED_SELECTOR = YES;
				GCC_WARN_UNINITIALIZED_AUTOS = YES_AGGRESSIVE;
				GCC_WARN_UNUSED_FUNCTION = YES;
				GCC_WARN_UNUSED_VARIABLE = YES;
				IPHONEOS_DEPLOYMENT_TARGET = 8.1;
				MTL_ENABLE_DEBUG_INFO = YES;
				ONLY_ACTIVE_ARCH = YES;
				SDKROOT = iphoneos;
			};
			name = Debug;
		};
		BF356BD41A27052100346FD0 /* Release */ = {
			isa = XCBuildConfiguration;
			buildSettings = {
				ALWAYS_SEARCH_USER_PATHS = NO;
				CLANG_CXX_LANGUAGE_STANDARD = "gnu++0x";
				CLANG_CXX_LIBRARY = "libc++";
				CLANG_ENABLE_MODULES = YES;
				CLANG_ENABLE_OBJC_ARC = YES;
				CLANG_WARN_BOOL_CONVERSION = YES;
				CLANG_WARN_CONSTANT_CONVERSION = YES;
				CLANG_WARN_DIRECT_OBJC_ISA_USAGE = YES_ERROR;
				CLANG_WARN_EMPTY_BODY = YES;
				CLANG_WARN_ENUM_CONVERSION = YES;
				CLANG_WARN_INFINITE_RECURSION = YES;
				CLANG_WARN_INT_CONVERSION = YES;
				CLANG_WARN_OBJC_ROOT_CLASS = YES_ERROR;
				CLANG_WARN_SUSPICIOUS_MOVE = YES;
				CLANG_WARN_UNREACHABLE_CODE = YES;
				CLANG_WARN__DUPLICATE_METHOD_MATCH = YES;
				"CODE_SIGN_IDENTITY[sdk=iphoneos*]" = "iPhone Developer";
				COPY_PHASE_STRIP = YES;
				ENABLE_NS_ASSERTIONS = NO;
				ENABLE_STRICT_OBJC_MSGSEND = YES;
				GCC_C_LANGUAGE_STANDARD = gnu99;
				GCC_NO_COMMON_BLOCKS = YES;
				GCC_WARN_64_TO_32_BIT_CONVERSION = YES;
				GCC_WARN_ABOUT_RETURN_TYPE = YES_ERROR;
				GCC_WARN_UNDECLARED_SELECTOR = YES;
				GCC_WARN_UNINITIALIZED_AUTOS = YES_AGGRESSIVE;
				GCC_WARN_UNUSED_FUNCTION = YES;
				GCC_WARN_UNUSED_VARIABLE = YES;
				IPHONEOS_DEPLOYMENT_TARGET = 8.1;
				MTL_ENABLE_DEBUG_INFO = NO;
				SDKROOT = iphoneos;
				VALIDATE_PRODUCT = YES;
			};
			name = Release;
		};
		BF356BD61A27052100346FD0 /* Debug */ = {
			isa = XCBuildConfiguration;
			buildSettings = {
				ASSETCATALOG_COMPILER_APPICON_NAME = AppIcon;
				INFOPLIST_FILE = PinchCanvas/Info.plist;
				LD_RUNPATH_SEARCH_PATHS = "$(inherited) @executable_path/Frameworks";
				PRODUCT_BUNDLE_IDENTIFIER = "com.junpluse.$(PRODUCT_NAME:rfc1034identifier)";
				PRODUCT_NAME = "$(TARGET_NAME)";
				TARGETED_DEVICE_FAMILY = "1,2";
			};
			name = Debug;
		};
		BF356BD71A27052100346FD0 /* Release */ = {
			isa = XCBuildConfiguration;
			buildSettings = {
				ASSETCATALOG_COMPILER_APPICON_NAME = AppIcon;
				INFOPLIST_FILE = PinchCanvas/Info.plist;
				LD_RUNPATH_SEARCH_PATHS = "$(inherited) @executable_path/Frameworks";
				PRODUCT_BUNDLE_IDENTIFIER = "com.junpluse.$(PRODUCT_NAME:rfc1034identifier)";
				PRODUCT_NAME = "$(TARGET_NAME)";
				TARGETED_DEVICE_FAMILY = "1,2";
			};
			name = Release;
		};
/* End XCBuildConfiguration section */

/* Begin XCConfigurationList section */
		BF356BAD1A27052100346FD0 /* Build configuration list for PBXProject "PinchCanvas" */ = {
			isa = XCConfigurationList;
			buildConfigurations = (
				BF356BD31A27052100346FD0 /* Debug */,
				BF356BD41A27052100346FD0 /* Release */,
			);
			defaultConfigurationIsVisible = 0;
			defaultConfigurationName = Release;
		};
		BF356BD51A27052100346FD0 /* Build configuration list for PBXNativeTarget "PinchCanvas" */ = {
			isa = XCConfigurationList;
			buildConfigurations = (
				BF356BD61A27052100346FD0 /* Debug */,
				BF356BD71A27052100346FD0 /* Release */,
			);
			defaultConfigurationIsVisible = 0;
			defaultConfigurationName = Release;
		};
/* End XCConfigurationList section */
	};
	rootObject = BF356BAA1A27052100346FD0 /* Project object */;
}
